
Microsoft Visual Studio Solution File, Format Version 12.00
# Visual Studio Version 16
VisualStudioVersion = 16.0.31105.61
MinimumVisualStudioVersion = 10.0.40219.1
Project("{FAE04EC0-301F-11D3-BF4B-00C04F79EFBC}") = "MiffTheFox.ConsoleDrawing", "MiffTheFox.ConsoleDrawing\MiffTheFox.ConsoleDrawing.csproj", "{681509A2-A12D-4DF9-84BB-0671066AB5B8}"
EndProject
Project("{FAE04EC0-301F-11D3-BF4B-00C04F79EFBC}") = "TestApp", "TestApp\TestApp.csproj", "{A6647F69-8C90-48D3-94EF-D498138A9C47}"
EndProject
Project("{FAE04EC0-301F-11D3-BF4B-00C04F79EFBC}") = "MiffTheFox.ConsoleDrawing.Win32", "MiffTheFox.ConsoleDrawing.Win32\MiffTheFox.ConsoleDrawing.Win32.csproj", "{C5BD2DE8-7587-41A4-A992-06F68AFA0398}"
EndProject
Global
	GlobalSection(SolutionConfigurationPlatforms) = preSolution
		Debug|Any CPU = Debug|Any CPU
		Release|Any CPU = Release|Any CPU
	EndGlobalSection
	GlobalSection(ProjectConfigurationPlatforms) = postSolution
		{681509A2-A12D-4DF9-84BB-0671066AB5B8}.Debug|Any CPU.ActiveCfg = Debug|Any CPU
		{681509A2-A12D-4DF9-84BB-0671066AB5B8}.Debug|Any CPU.Build.0 = Debug|Any CPU
		{681509A2-A12D-4DF9-84BB-0671066AB5B8}.Release|Any CPU.ActiveCfg = Release|Any CPU
		{681509A2-A12D-4DF9-84BB-0671066AB5B8}.Release|Any CPU.Build.0 = Release|Any CPU
		{A6647F69-8C90-48D3-94EF-D498138A9C47}.Debug|Any CPU.ActiveCfg = Debug|Any CPU
		{A6647F69-8C90-48D3-94EF-D498138A9C47}.Debug|Any CPU.Build.0 = Debug|Any CPU
		{A6647F69-8C90-48D3-94EF-D498138A9C47}.Release|Any CPU.ActiveCfg = Release|Any CPU
		{A6647F69-8C90-48D3-94EF-D498138A9C47}.Release|Any CPU.Build.0 = Release|Any CPU
		{C5BD2DE8-7587-41A4-A992-06F68AFA0398}.Debug|Any CPU.ActiveCfg = Debug|Any CPU
		{C5BD2DE8-7587-41A4-A992-06F68AFA0398}.Debug|Any CPU.Build.0 = Debug|Any CPU
		{C5BD2DE8-7587-41A4-A992-06F68AFA0398}.Release|Any CPU.ActiveCfg = Release|Any CPU
		{C5BD2DE8-7587-41A4-A992-06F68AFA0398}.Release|Any CPU.Build.0 = Release|Any CPU
	EndGlobalSection
	GlobalSection(SolutionProperties) = preSolution
		HideSolutionNode = FALSE
	EndGlobalSection
	GlobalSection(ExtensibilityGlobals) = postSolution
		SolutionGuid = {3347DF92-DF7A-4B7D-B88F-1741AC6FBB34}
	EndGlobalSection
EndGlobal
